
Microsoft Visual Studio Solution File, Format Version 12.00
# Visual Studio Version 17
VisualStudioVersion = 17.4.33103.184
MinimumVisualStudioVersion = 10.0.40219.1
Project("{FAE04EC0-301F-11D3-BF4B-00C04F79EFBC}") = "ATM-Application", "ATM-Application\ATM-Application.csproj", "{A8442441-81A9-4006-B0C0-23161D41CF61}"
EndProject
Global
	GlobalSection(SolutionConfigurationPlatforms) = preSolution
		Debug|Any CPU = Debug|Any CPU
		Release|Any CPU = Release|Any CPU
	EndGlobalSection
	GlobalSection(ProjectConfigurationPlatforms) = postSolution
		{A8442441-81A9-4006-B0C0-23161D41CF61}.Debug|Any CPU.ActiveCfg = Debug|Any CPU
		{A8442441-81A9-4006-B0C0-23161D41CF61}.Debug|Any CPU.Build.0 = Debug|Any CPU
		{A8442441-81A9-4006-B0C0-23161D41CF61}.Release|Any CPU.ActiveCfg = Release|Any CPU
		{A8442441-81A9-4006-B0C0-23161D41CF61}.Release|Any CPU.Build.0 = Release|Any CPU
	EndGlobalSection
	GlobalSection(SolutionProperties) = preSolution
		HideSolutionNode = FALSE
	EndGlobalSection
	GlobalSection(ExtensibilityGlobals) = postSolution
		SolutionGuid = {24EFA02B-1018-4A5A-8364-DEC9CC2BA3EF}
	EndGlobalSection
EndGlobal
